
Microsoft Visual Studio Solution File, Format Version 12.00
# Visual Studio Version 16
VisualStudioVersion = 16.0.29324.140
MinimumVisualStudioVersion = 15.0.26124.0
Project("{9A19103F-16F7-4668-BE54-9A1E7A4F7556}") = "DomainDrivenGameEngine.RuleSet", "DomainDrivenGameEngine.RuleSet\DomainDrivenGameEngine.RuleSet.csproj", "{A332D214-F876-4C7D-8017-7ED2DD543FA2}"
EndProject
Project("{FAE04EC0-301F-11D3-BF4B-00C04F79EFBC}") = "DomainDrivenGameEngine.RuleSet.Demo", "DomainDrivenGameEngine.RuleSet.Demo\DomainDrivenGameEngine.RuleSet.Demo.csproj", "{9049C9F3-9CAF-4836-9ACE-26D4B5AA089A}"
EndProject
Global
	GlobalSection(SolutionConfigurationPlatforms) = preSolution
		Debug|Any CPU = Debug|Any CPU
		Debug|x64 = Debug|x64
		Debug|x86 = Debug|x86
		Release|Any CPU = Release|Any CPU
		Release|x64 = Release|x64
		Release|x86 = Release|x86
	EndGlobalSection
	GlobalSection(ProjectConfigurationPlatforms) = postSolution
		{A332D214-F876-4C7D-8017-7ED2DD543FA2}.Debug|Any CPU.ActiveCfg = Debug|Any CPU
		{A332D214-F876-4C7D-8017-7ED2DD543FA2}.Debug|Any CPU.Build.0 = Debug|Any CPU
		{A332D214-F876-4C7D-8017-7ED2DD543FA2}.Debug|x64.ActiveCfg = Debug|Any CPU
		{A332D214-F876-4C7D-8017-7ED2DD543FA2}.Debug|x64.Build.0 = Debug|Any CPU
		{A332D214-F876-4C7D-8017-7ED2DD543FA2}.Debug|x86.ActiveCfg = Debug|Any CPU
		{A332D214-F876-4C7D-8017-7ED2DD543FA2}.Debug|x86.Build.0 = Debug|Any CPU
		{A332D214-F876-4C7D-8017-7ED2DD543FA2}.Release|Any CPU.ActiveCfg = Release|Any CPU
		{A332D214-F876-4C7D-8017-7ED2DD543FA2}.Release|Any CPU.Build.0 = Release|Any CPU
		{A332D214-F876-4C7D-8017-7ED2DD543FA2}.Release|x64.ActiveCfg = Release|Any CPU
		{A332D214-F876-4C7D-8017-7ED2DD543FA2}.Release|x64.Build.0 = Release|Any CPU
		{A332D214-F876-4C7D-8017-7ED2DD543FA2}.Release|x86.ActiveCfg = Release|Any CPU
		{A332D214-F876-4C7D-8017-7ED2DD543FA2}.Release|x86.Build.0 = Release|Any CPU
		{9049C9F3-9CAF-4836-9ACE-26D4B5AA089A}.Debug|Any CPU.ActiveCfg = Debug|Any CPU
		{9049C9F3-9CAF-4836-9ACE-26D4B5AA089A}.Debug|Any CPU.Build.0 = Debug|Any CPU
		{9049C9F3-9CAF-4836-9ACE-26D4B5AA089A}.Debug|x64.ActiveCfg = Debug|Any CPU
		{9049C9F3-9CAF-4836-9ACE-26D4B5AA089A}.Debug|x64.Build.0 = Debug|Any CPU
		{9049C9F3-9CAF-4836-9ACE-26D4B5AA089A}.Debug|x86.ActiveCfg = Debug|Any CPU
		{9049C9F3-9CAF-4836-9ACE-26D4B5AA089A}.Debug|x86.Build.0 = Debug|Any CPU
		{9049C9F3-9CAF-4836-9ACE-26D4B5AA089A}.Release|Any CPU.ActiveCfg = Release|Any CPU
		{9049C9F3-9CAF-4836-9ACE-26D4B5AA089A}.Release|Any CPU.Build.0 = Release|Any CPU
		{9049C9F3-9CAF-4836-9ACE-26D4B5AA089A}.Release|x64.ActiveCfg = Release|Any CPU
		{9049C9F3-9CAF-4836-9ACE-26D4B5AA089A}.Release|x64.Build.0 = Release|Any CPU
		{9049C9F3-9CAF-4836-9ACE-26D4B5AA089A}.Release|x86.ActiveCfg = Release|Any CPU
		{9049C9F3-9CAF-4836-9ACE-26D4B5AA089A}.Release|x86.Build.0 = Release|Any CPU
	EndGlobalSection
	GlobalSection(SolutionProperties) = preSolution
		HideSolutionNode = FALSE
	EndGlobalSection
	GlobalSection(ExtensibilityGlobals) = postSolution
		SolutionGuid = {CEB30F6D-CF25-4E3A-AE85-1AA75BB8873A}
	EndGlobalSection
EndGlobal
